// !$*UTF8*$!
{
	archiveVersion = 1;
	classes = {
	};
	objectVersion = 56;
	objects = {

/* Begin PBXBuildFile section */
		3823C5A02A284EEC00519B10 /* StatusVC.swift in Sources */ = {isa = PBXBuildFile; fileRef = 3823C59F2A284EEC00519B10 /* StatusVC.swift */; };
		3823C5A22A2854C000519B10 /* VideoVerificationVC+Helper.swift in Sources */ = {isa = PBXBuildFile; fileRef = 3823C5A12A2854C000519B10 /* VideoVerificationVC+Helper.swift */; };
		38FE07592A26F32C00C7A0B2 /* AppDelegate.swift in Sources */ = {isa = PBXBuildFile; fileRef = 38FE07582A26F32C00C7A0B2 /* AppDelegate.swift */; };
		38FE075B2A26F32C00C7A0B2 /* SceneDelegate.swift in Sources */ = {isa = PBXBuildFile; fileRef = 38FE075A2A26F32C00C7A0B2 /* SceneDelegate.swift */; };
		38FE075D2A26F32C00C7A0B2 /* ViewController.swift in Sources */ = {isa = PBXBuildFile; fileRef = 38FE075C2A26F32C00C7A0B2 /* ViewController.swift */; };
		38FE07602A26F32C00C7A0B2 /* Main.storyboard in Resources */ = {isa = PBXBuildFile; fileRef = 38FE075E2A26F32C00C7A0B2 /* Main.storyboard */; };
		38FE07622A26F32E00C7A0B2 /* Assets.xcassets in Resources */ = {isa = PBXBuildFile; fileRef = 38FE07612A26F32E00C7A0B2 /* Assets.xcassets */; };
		38FE07652A26F32E00C7A0B2 /* LaunchScreen.storyboard in Resources */ = {isa = PBXBuildFile; fileRef = 38FE07632A26F32E00C7A0B2 /* LaunchScreen.storyboard */; };
		38FE076D2A26F4E700C7A0B2 /* VideoVerificationVC.swift in Sources */ = {isa = PBXBuildFile; fileRef = 38FE076C2A26F4E700C7A0B2 /* VideoVerificationVC.swift */; };
/* End PBXBuildFile section */

/* Begin PBXFileReference section */
		3823C59F2A284EEC00519B10 /* StatusVC.swift */ = {isa = PBXFileReference; lastKnownFileType = sourcecode.swift; path = StatusVC.swift; sourceTree = "<group>"; };
		3823C5A12A2854C000519B10 /* VideoVerificationVC+Helper.swift */ = {isa = PBXFileReference; lastKnownFileType = sourcecode.swift; path = "VideoVerificationVC+Helper.swift"; sourceTree = "<group>"; };
		38FE07552A26F32C00C7A0B2 /* video-verification.app */ = {isa = PBXFileReference; explicitFileType = wrapper.application; includeInIndex = 0; path = "video-verification.app"; sourceTree = BUILT_PRODUCTS_DIR; };
		38FE07582A26F32C00C7A0B2 /* AppDelegate.swift */ = {isa = PBXFileReference; lastKnownFileType = sourcecode.swift; path = AppDelegate.swift; sourceTree = "<group>"; };
		38FE075A2A26F32C00C7A0B2 /* SceneDelegate.swift */ = {isa = PBXFileReference; lastKnownFileType = sourcecode.swift; path = SceneDelegate.swift; sourceTree = "<group>"; };
		38FE075C2A26F32C00C7A0B2 /* ViewController.swift */ = {isa = PBXFileReference; lastKnownFileType = sourcecode.swift; path = ViewController.swift; sourceTree = "<group>"; };
		38FE075F2A26F32C00C7A0B2 /* Base */ = {isa = PBXFileReference; lastKnownFileType = file.storyboard; name = Base; path = Base.lproj/Main.storyboard; sourceTree = "<group>"; };
		38FE07612A26F32E00C7A0B2 /* Assets.xcassets */ = {isa = PBXFileReference; lastKnownFileType = folder.assetcatalog; path = Assets.xcassets; sourceTree = "<group>"; };
		38FE07642A26F32E00C7A0B2 /* Base */ = {isa = PBXFileReference; lastKnownFileType = file.storyboard; name = Base; path = Base.lproj/LaunchScreen.storyboard; sourceTree = "<group>"; };
		38FE07662A26F32E00C7A0B2 /* Info.plist */ = {isa = PBXFileReference; lastKnownFileType = text.plist.xml; path = Info.plist; sourceTree = "<group>"; };
		38FE076C2A26F4E700C7A0B2 /* VideoVerificationVC.swift */ = {isa = PBXFileReference; lastKnownFileType = sourcecode.swift; path = VideoVerificationVC.swift; sourceTree = "<group>"; };
/* End PBXFileReference section */

/* Begin PBXFrameworksBuildPhase section */
		38FE07522A26F32C00C7A0B2 /* Frameworks */ = {
			isa = PBXFrameworksBuildPhase;
			buildActionMask = 2147483647;
			files = (
			);
			runOnlyForDeploymentPostprocessing = 0;
		};
/* End PBXFrameworksBuildPhase section */

/* Begin PBXGroup section */
		38FE074C2A26F32C00C7A0B2 = {
			isa = PBXGroup;
			children = (
				38FE07572A26F32C00C7A0B2 /* video-verification */,
				38FE07562A26F32C00C7A0B2 /* Products */,
			);
			sourceTree = "<group>";
		};
		38FE07562A26F32C00C7A0B2 /* Products */ = {
			isa = PBXGroup;
			children = (
				38FE07552A26F32C00C7A0B2 /* video-verification.app */,
			);
			name = Products;
			sourceTree = "<group>";
		};
		38FE07572A26F32C00C7A0B2 /* video-verification */ = {
			isa = PBXGroup;
			children = (
				38FE07582A26F32C00C7A0B2 /* AppDelegate.swift */,
				38FE075A2A26F32C00C7A0B2 /* SceneDelegate.swift */,
				38FE075C2A26F32C00C7A0B2 /* ViewController.swift */,
				38FE076C2A26F4E700C7A0B2 /* VideoVerificationVC.swift */,
				3823C5A12A2854C000519B10 /* VideoVerificationVC+Helper.swift */,
				3823C59F2A284EEC00519B10 /* StatusVC.swift */,
				38FE075E2A26F32C00C7A0B2 /* Main.storyboard */,
				38FE07612A26F32E00C7A0B2 /* Assets.xcassets */,
				38FE07632A26F32E00C7A0B2 /* LaunchScreen.storyboard */,
				38FE07662A26F32E00C7A0B2 /* Info.plist */,
			);
			path = "video-verification";
			sourceTree = "<group>";
		};
/* End PBXGroup section */

/* Begin PBXNativeTarget section */
		38FE07542A26F32C00C7A0B2 /* video-verification */ = {
			isa = PBXNativeTarget;
			buildConfigurationList = 38FE07692A26F32E00C7A0B2 /* Build configuration list for PBXNativeTarget "video-verification" */;
			buildPhases = (
				38FE07512A26F32C00C7A0B2 /* Sources */,
				38FE07522A26F32C00C7A0B2 /* Frameworks */,
				38FE07532A26F32C00C7A0B2 /* Resources */,
			);
			buildRules = (
			);
			dependencies = (
			);
			name = "video-verification";
			productName = "video-verification";
			productReference = 38FE07552A26F32C00C7A0B2 /* video-verification.app */;
			productType = "com.apple.product-type.application";
		};
/* End PBXNativeTarget section */

/* Begin PBXProject section */
		38FE074D2A26F32C00C7A0B2 /* Project object */ = {
			isa = PBXProject;
			attributes = {
				BuildIndependentTargetsInParallel = 1;
				LastSwiftUpdateCheck = 1430;
				LastUpgradeCheck = 1430;
				TargetAttributes = {
					38FE07542A26F32C00C7A0B2 = {
						CreatedOnToolsVersion = 14.3;
					};
				};
			};
			buildConfigurationList = 38FE07502A26F32C00C7A0B2 /* Build configuration list for PBXProject "video-verification" */;
			compatibilityVersion = "Xcode 14.0";
			developmentRegion = en;
			hasScannedForEncodings = 0;
			knownRegions = (
				en,
				Base,
			);
			mainGroup = 38FE074C2A26F32C00C7A0B2;
			productRefGroup = 38FE07562A26F32C00C7A0B2 /* Products */;
			projectDirPath = "";
			projectRoot = "";
			targets = (
				38FE07542A26F32C00C7A0B2 /* video-verification */,
			);
		};
/* End PBXProject section */

/* Begin PBXResourcesBuildPhase section */
		38FE07532A26F32C00C7A0B2 /* Resources */ = {
			isa = PBXResourcesBuildPhase;
			buildActionMask = 2147483647;
			files = (
				38FE07652A26F32E00C7A0B2 /* LaunchScreen.storyboard in Resources */,
				38FE07622A26F32E00C7A0B2 /* Assets.xcassets in Resources */,
				38FE07602A26F32C00C7A0B2 /* Main.storyboard in Resources */,
			);
			runOnlyForDeploymentPostprocessing = 0;
		};
/* End PBXResourcesBuildPhase section */

/* Begin PBXSourcesBuildPhase section */
		38FE07512A26F32C00C7A0B2 /* Sources */ = {
			isa = PBXSourcesBuildPhase;
			buildActionMask = 2147483647;
			files = (
				3823C5A22A2854C000519B10 /* VideoVerificationVC+Helper.swift in Sources */,
				38FE075D2A26F32C00C7A0B2 /* ViewController.swift in Sources */,
				38FE07592A26F32C00C7A0B2 /* AppDelegate.swift in Sources */,
				3823C5A02A284EEC00519B10 /* StatusVC.swift in Sources */,
				38FE075B2A26F32C00C7A0B2 /* SceneDelegate.swift in Sources */,
				38FE076D2A26F4E700C7A0B2 /* VideoVerificationVC.swift in Sources */,
			);
			runOnlyForDeploymentPostprocessing = 0;
		};
/* End PBXSourcesBuildPhase section */

/* Begin PBXVariantGroup section */
		38FE075E2A26F32C00C7A0B2 /* Main.storyboard */ = {
			isa = PBXVariantGroup;
			children = (
				38FE075F2A26F32C00C7A0B2 /* Base */,
			);
			name = Main.storyboard;
			sourceTree = "<group>";
		};
		38FE07632A26F32E00C7A0B2 /* LaunchScreen.storyboard */ = {
			isa = PBXVariantGroup;
			children = (
				38FE07642A26F32E00C7A0B2 /* Base */,
			);
			name = LaunchScreen.storyboard;
			sourceTree = "<group>";
		};
/* End PBXVariantGroup section */

/* Begin XCBuildConfiguration section */
		38FE07672A26F32E00C7A0B2 /* Debug */ = {
			isa = XCBuildConfiguration;
			buildSettings = {
				ALWAYS_SEARCH_USER_PATHS = NO;
				CLANG_ANALYZER_NONNULL = YES;
				CLANG_ANALYZER_NUMBER_OBJECT_CONVERSION = YES_AGGRESSIVE;
				CLANG_CXX_LANGUAGE_STANDARD = "gnu++20";
				CLANG_ENABLE_MODULES = YES;
				CLANG_ENABLE_OBJC_ARC = YES;
				CLANG_ENABLE_OBJC_WEAK = YES;
				CLANG_WARN_BLOCK_CAPTURE_AUTORELEASING = YES;
				CLANG_WARN_BOOL_CONVERSION = YES;
				CLANG_WARN_COMMA = YES;
				CLANG_WARN_CONSTANT_CONVERSION = YES;
				CLANG_WARN_DEPRECATED_OBJC_IMPLEMENTATIONS = YES;
				CLANG_WARN_DIRECT_OBJC_ISA_USAGE = YES_ERROR;
				CLANG_WARN_DOCUMENTATION_COMMENTS = YES;
				CLANG_WARN_EMPTY_BODY = YES;
				CLANG_WARN_ENUM_CONVERSION = YES;
				CLANG_WARN_INFINITE_RECURSION = YES;
				CLANG_WARN_INT_CONVERSION = YES;
				CLANG_WARN_NON_LITERAL_NULL_CONVERSION = YES;
				CLANG_WARN_OBJC_IMPLICIT_RETAIN_SELF = YES;
				CLANG_WARN_OBJC_LITERAL_CONVERSION = YES;
				CLANG_WARN_OBJC_ROOT_CLASS = YES_ERROR;
				CLANG_WARN_QUOTED_INCLUDE_IN_FRAMEWORK_HEADER = YES;
				CLANG_WARN_RANGE_LOOP_ANALYSIS = YES;
				CLANG_WARN_STRICT_PROTOTYPES = YES;
				CLANG_WARN_SUSPICIOUS_MOVE = YES;
				CLANG_WARN_UNGUARDED_AVAILABILITY = YES_AGGRESSIVE;
				CLANG_WARN_UNREACHABLE_CODE = YES;
				CLANG_WARN__DUPLICATE_METHOD_MATCH = YES;
				COPY_PHASE_STRIP = NO;
				DEBUG_INFORMATION_FORMAT = dwarf;
				ENABLE_STRICT_OBJC_MSGSEND = YES;
				ENABLE_TESTABILITY = YES;
				GCC_C_LANGUAGE_STANDARD = gnu11;
				GCC_DYNAMIC_NO_PIC = NO;
				GCC_NO_COMMON_BLOCKS = YES;
				GCC_OPTIMIZATION_LEVEL = 0;
				GCC_PREPROCESSOR_DEFINITIONS = (
					"DEBUG=1",
					"$(inherited)",
				);
				GCC_WARN_64_TO_32_BIT_CONVERSION = YES;
				GCC_WARN_ABOUT_RETURN_TYPE = YES_ERROR;
				GCC_WARN_UNDECLARED_SELECTOR = YES;
				GCC_WARN_UNINITIALIZED_AUTOS = YES_AGGRESSIVE;
				GCC_WARN_UNUSED_FUNCTION = YES;
				GCC_WARN_UNUSED_VARIABLE = YES;
				IPHONEOS_DEPLOYMENT_TARGET = 16.4;
				MTL_ENABLE_DEBUG_INFO = INCLUDE_SOURCE;
				MTL_FAST_MATH = YES;
				ONLY_ACTIVE_ARCH = YES;
				SDKROOT = iphoneos;
				SWIFT_ACTIVE_COMPILATION_CONDITIONS = DEBUG;
				SWIFT_OPTIMIZATION_LEVEL = "-Onone";
			};
			name = Debug;
		};
		38FE07682A26F32E00C7A0B2 /* Release */ = {
			isa = XCBuildConfiguration;
			buildSettings = {
				ALWAYS_SEARCH_USER_PATHS = NO;
				CLANG_ANALYZER_NONNULL = YES;
				CLANG_ANALYZER_NUMBER_OBJECT_CONVERSION = YES_AGGRESSIVE;
				CLANG_CXX_LANGUAGE_STANDARD = "gnu++20";
				CLANG_ENABLE_MODULES = YES;
				CLANG_ENABLE_OBJC_ARC = YES;
				CLANG_ENABLE_OBJC_WEAK = YES;
				CLANG_WARN_BLOCK_CAPTURE_AUTORELEASING = YES;
				CLANG_WARN_BOOL_CONVERSION = YES;
				CLANG_WARN_COMMA = YES;
				CLANG_WARN_CONSTANT_CONVERSION = YES;
				CLANG_WARN_DEPRECATED_OBJC_IMPLEMENTATIONS = YES;
				CLANG_WARN_DIRECT_OBJC_ISA_USAGE = YES_ERROR;
				CLANG_WARN_DOCUMENTATION_COMMENTS = YES;
				CLANG_WARN_EMPTY_BODY = YES;
				CLANG_WARN_ENUM_CONVERSION = YES;
				CLANG_WARN_INFINITE_RECURSION = YES;
				CLANG_WARN_INT_CONVERSION = YES;
				CLANG_WARN_NON_LITERAL_NULL_CONVERSION = YES;
				CLANG_WARN_OBJC_IMPLICIT_RETAIN_SELF = YES;
				CLANG_WARN_OBJC_LITERAL_CONVERSION = YES;
				CLANG_WARN_OBJC_ROOT_CLASS = YES_ERROR;
				CLANG_WARN_QUOTED_INCLUDE_IN_FRAMEWORK_HEADER = YES;
				CLANG_WARN_RANGE_LOOP_ANALYSIS = YES;
				CLANG_WARN_STRICT_PROTOTYPES = YES;
				CLANG_WARN_SUSPICIOUS_MOVE = YES;
				CLANG_WARN_UNGUARDED_AVAILABILITY = YES_AGGRESSIVE;
				CLANG_WARN_UNREACHABLE_CODE = YES;
				CLANG_WARN__DUPLICATE_METHOD_MATCH = YES;
				COPY_PHASE_STRIP = NO;
				DEBUG_INFORMATION_FORMAT = "dwarf-with-dsym";
				ENABLE_NS_ASSERTIONS = NO;
				ENABLE_STRICT_OBJC_MSGSEND = YES;
				GCC_C_LANGUAGE_STANDARD = gnu11;
				GCC_NO_COMMON_BLOCKS = YES;
				GCC_WARN_64_TO_32_BIT_CONVERSION = YES;
				GCC_WARN_ABOUT_RETURN_TYPE = YES_ERROR;
				GCC_WARN_UNDECLARED_SELECTOR = YES;
				GCC_WARN_UNINITIALIZED_AUTOS = YES_AGGRESSIVE;
				GCC_WARN_UNUSED_FUNCTION = YES;
				GCC_WARN_UNUSED_VARIABLE = YES;
				IPHONEOS_DEPLOYMENT_TARGET = 16.4;
				MTL_ENABLE_DEBUG_INFO = NO;
				MTL_FAST_MATH = YES;
				SDKROOT = iphoneos;
				SWIFT_COMPILATION_MODE = wholemodule;
				SWIFT_OPTIMIZATION_LEVEL = "-O";
				VALIDATE_PRODUCT = YES;
			};
			name = Release;
		};
		38FE076A2A26F32E00C7A0B2 /* Debug */ = {
			isa = XCBuildConfiguration;
			buildSettings = {
				ASSETCATALOG_COMPILER_APPICON_NAME = AppIcon;
				ASSETCATALOG_COMPILER_GLOBAL_ACCENT_COLOR_NAME = AccentColor;
				CODE_SIGN_STYLE = Automatic;
				CURRENT_PROJECT_VERSION = 1;
				DEVELOPMENT_TEAM = YYKQ73Y9HX;
				GENERATE_INFOPLIST_FILE = YES;
				INFOPLIST_FILE = "video-verification/Info.plist";
				INFOPLIST_KEY_NSCameraUsageDescription = "Requesting permission for photo verification";
				INFOPLIST_KEY_UIApplicationSupportsIndirectInputEvents = YES;
				INFOPLIST_KEY_UILaunchStoryboardName = LaunchScreen;
				INFOPLIST_KEY_UIMainStoryboardFile = Main;
				INFOPLIST_KEY_UISupportedInterfaceOrientations_iPad = "UIInterfaceOrientationPortrait UIInterfaceOrientationPortraitUpsideDown UIInterfaceOrientationLandscapeLeft UIInterfaceOrientationLandscapeRight";
				INFOPLIST_KEY_UISupportedInterfaceOrientations_iPhone = "UIInterfaceOrientationPortrait UIInterfaceOrientationLandscapeLeft UIInterfaceOrientationLandscapeRight";
				LD_RUNPATH_SEARCH_PATHS = (
					"$(inherited)",
					"@executable_path/Frameworks",
				);
				MARKETING_VERSION = 1.0;
				PRODUCT_BUNDLE_IDENTIFIER = "com.suniltarge.video-verification";
				PRODUCT_NAME = "$(TARGET_NAME)";
				SWIFT_EMIT_LOC_STRINGS = YES;
				SWIFT_VERSION = 5.0;
				TARGETED_DEVICE_FAMILY = "1,2";
			};
			name = Debug;
		};
		38FE076B2A26F32E00C7A0B2 /* Release */ = {
			isa = XCBuildConfiguration;
			buildSettings = {
				ASSETCATALOG_COMPILER_APPICON_NAME = AppIcon;
				ASSETCATALOG_COMPILER_GLOBAL_ACCENT_COLOR_NAME = AccentColor;
				CODE_SIGN_STYLE = Automatic;
				CURRENT_PROJECT_VERSION = 1;
				DEVELOPMENT_TEAM = YYKQ73Y9HX;
				GENERATE_INFOPLIST_FILE = YES;
				INFOPLIST_FILE = "video-verification/Info.plist";
				INFOPLIST_KEY_NSCameraUsageDescription = "Requesting permission for photo verification";
				INFOPLIST_KEY_UIApplicationSupportsIndirectInputEvents = YES;
				INFOPLIST_KEY_UILaunchStoryboardName = LaunchScreen;
				INFOPLIST_KEY_UIMainStoryboardFile = Main;
				INFOPLIST_KEY_UISupportedInterfaceOrientations_iPad = "UIInterfaceOrientationPortrait UIInterfaceOrientationPortraitUpsideDown UIInterfaceOrientationLandscapeLeft UIInterfaceOrientationLandscapeRight";
				INFOPLIST_KEY_UISupportedInterfaceOrientations_iPhone = "UIInterfaceOrientationPortrait UIInterfaceOrientationLandscapeLeft UIInterfaceOrientationLandscapeRight";
				LD_RUNPATH_SEARCH_PATHS = (
					"$(inherited)",
					"@executable_path/Frameworks",
				);
				MARKETING_VERSION = 1.0;
				PRODUCT_BUNDLE_IDENTIFIER = "com.suniltarge.video-verification";
				PRODUCT_NAME = "$(TARGET_NAME)";
				SWIFT_EMIT_LOC_STRINGS = YES;
				SWIFT_VERSION = 5.0;
				TARGETED_DEVICE_FAMILY = "1,2";
			};
			name = Release;
		};
/* End XCBuildConfiguration section */

/* Begin XCConfigurationList section */
		38FE07502A26F32C00C7A0B2 /* Build configuration list for PBXProject "video-verification" */ = {
			isa = XCConfigurationList;
			buildConfigurations = (
				38FE07672A26F32E00C7A0B2 /* Debug */,
				38FE07682A26F32E00C7A0B2 /* Release */,
			);
			defaultConfigurationIsVisible = 0;
			defaultConfigurationName = Release;
		};
		38FE07692A26F32E00C7A0B2 /* Build configuration list for PBXNativeTarget "video-verification" */ = {
			isa = XCConfigurationList;
			buildConfigurations = (
				38FE076A2A26F32E00C7A0B2 /* Debug */,
				38FE076B2A26F32E00C7A0B2 /* Release */,
			);
			defaultConfigurationIsVisible = 0;
			defaultConfigurationName = Release;
		};
/* End XCConfigurationList section */
	};
	rootObject = 38FE074D2A26F32C00C7A0B2 /* Project object */;
}
